// !$*UTF8*$!
{
	archiveVersion = 1;
	classes = {
	};
	objectVersion = 50;
	objects = {

/* Begin PBXBuildFile section */
		85CBE5B2267879FF00E6D7C5 /* AppsPanelApp.swift in Sources */ = {isa = PBXBuildFile; fileRef = 85CBE5B1267879FF00E6D7C5 /* AppsPanelApp.swift */; };
		85CBE5B4267879FF00E6D7C5 /* ContentView.swift in Sources */ = {isa = PBXBuildFile; fileRef = 85CBE5B3267879FF00E6D7C5 /* ContentView.swift */; };
		85CBE5B626787A0200E6D7C5 /* Assets.xcassets in Resources */ = {isa = PBXBuildFile; fileRef = 85CBE5B526787A0200E6D7C5 /* Assets.xcassets */; };
		85CBE5B926787A0200E6D7C5 /* Preview Assets.xcassets in Resources */ = {isa = PBXBuildFile; fileRef = 85CBE5B826787A0200E6D7C5 /* Preview Assets.xcassets */; };
		85CBE5BB26787A0200E6D7C5 /* Persistence.swift in Sources */ = {isa = PBXBuildFile; fileRef = 85CBE5BA26787A0200E6D7C5 /* Persistence.swift */; };
		85CBE5BE26787A0300E6D7C5 /* AppsPanel.xcdatamodeld in Sources */ = {isa = PBXBuildFile; fileRef = 85CBE5BC26787A0200E6D7C5 /* AppsPanel.xcdatamodeld */; };
		85CBE5C626788CBE00E6D7C5 /* registerView.swift in Sources */ = {isa = PBXBuildFile; fileRef = 85CBE5C526788CBE00E6D7C5 /* registerView.swift */; };
		85E5ED982678999A007FD196 /* Localizable.strings in Resources */ = {isa = PBXBuildFile; fileRef = 85E5ED9A2678999A007FD196 /* Localizable.strings */; };
		85E5ED9E2678A25F007FD196 /* registerFunc.swift in Sources */ = {isa = PBXBuildFile; fileRef = 85E5ED9D2678A25F007FD196 /* registerFunc.swift */; };
		85E5EDA02678B2E9007FD196 /* infoView.swift in Sources */ = {isa = PBXBuildFile; fileRef = 85E5ED9F2678B2E9007FD196 /* infoView.swift */; };
		85E5EDA22678BA0F007FD196 /* infosFunc.swift in Sources */ = {isa = PBXBuildFile; fileRef = 85E5EDA12678BA0F007FD196 /* infosFunc.swift */; };
/* End PBXBuildFile section */

/* Begin PBXFileReference section */
		85CBE5AE267879FF00E6D7C5 /* AppsPanel.app */ = {isa = PBXFileReference; explicitFileType = wrapper.application; includeInIndex = 0; path = AppsPanel.app; sourceTree = BUILT_PRODUCTS_DIR; };
		85CBE5B1267879FF00E6D7C5 /* AppsPanelApp.swift */ = {isa = PBXFileReference; lastKnownFileType = sourcecode.swift; path = AppsPanelApp.swift; sourceTree = "<group>"; };
		85CBE5B3267879FF00E6D7C5 /* ContentView.swift */ = {isa = PBXFileReference; lastKnownFileType = sourcecode.swift; path = ContentView.swift; sourceTree = "<group>"; };
		85CBE5B526787A0200E6D7C5 /* Assets.xcassets */ = {isa = PBXFileReference; lastKnownFileType = folder.assetcatalog; path = Assets.xcassets; sourceTree = "<group>"; };
		85CBE5B826787A0200E6D7C5 /* Preview Assets.xcassets */ = {isa = PBXFileReference; lastKnownFileType = folder.assetcatalog; path = "Preview Assets.xcassets"; sourceTree = "<group>"; };
		85CBE5BA26787A0200E6D7C5 /* Persistence.swift */ = {isa = PBXFileReference; lastKnownFileType = sourcecode.swift; path = Persistence.swift; sourceTree = "<group>"; };
		85CBE5BD26787A0200E6D7C5 /* AppsPanel.xcdatamodel */ = {isa = PBXFileReference; lastKnownFileType = wrapper.xcdatamodel; path = AppsPanel.xcdatamodel; sourceTree = "<group>"; };
		85CBE5BF26787A0300E6D7C5 /* Info.plist */ = {isa = PBXFileReference; lastKnownFileType = text.plist.xml; path = Info.plist; sourceTree = "<group>"; };
		85CBE5C526788CBE00E6D7C5 /* registerView.swift */ = {isa = PBXFileReference; lastKnownFileType = sourcecode.swift; path = registerView.swift; sourceTree = "<group>"; };
		85E5ED992678999A007FD196 /* en */ = {isa = PBXFileReference; lastKnownFileType = text.plist.strings; name = en; path = en.lproj/Localizable.strings; sourceTree = "<group>"; };
		85E5ED9B2678999E007FD196 /* fr */ = {isa = PBXFileReference; lastKnownFileType = text.plist.strings; name = fr; path = fr.lproj/Localizable.strings; sourceTree = "<group>"; };
		85E5ED9D2678A25F007FD196 /* registerFunc.swift */ = {isa = PBXFileReference; lastKnownFileType = sourcecode.swift; path = registerFunc.swift; sourceTree = "<group>"; };
		85E5ED9F2678B2E9007FD196 /* infoView.swift */ = {isa = PBXFileReference; lastKnownFileType = sourcecode.swift; path = infoView.swift; sourceTree = "<group>"; };
		85E5EDA12678BA0F007FD196 /* infosFunc.swift */ = {isa = PBXFileReference; lastKnownFileType = sourcecode.swift; path = infosFunc.swift; sourceTree = "<group>"; };
/* End PBXFileReference section */

/* Begin PBXFrameworksBuildPhase section */
		85CBE5AB267879FF00E6D7C5 /* Frameworks */ = {
			isa = PBXFrameworksBuildPhase;
			buildActionMask = 2147483647;
			files = (
			);
			runOnlyForDeploymentPostprocessing = 0;
		};
/* End PBXFrameworksBuildPhase section */

/* Begin PBXGroup section */
		85CBE5A5267879FE00E6D7C5 = {
			isa = PBXGroup;
			children = (
				85CBE5B0267879FF00E6D7C5 /* AppsPanel */,
				85CBE5AF267879FF00E6D7C5 /* Products */,
			);
			sourceTree = "<group>";
		};
		85CBE5AF267879FF00E6D7C5 /* Products */ = {
			isa = PBXGroup;
			children = (
				85CBE5AE267879FF00E6D7C5 /* AppsPanel.app */,
			);
			name = Products;
			sourceTree = "<group>";
		};
		85CBE5B0267879FF00E6D7C5 /* AppsPanel */ = {
			isa = PBXGroup;
			children = (
				85E5ED9C2678A20D007FD196 /* src */,
				85CBE5C726788CC600E6D7C5 /* views */,
				85CBE5B1267879FF00E6D7C5 /* AppsPanelApp.swift */,
				85CBE5B3267879FF00E6D7C5 /* ContentView.swift */,
				85CBE5B526787A0200E6D7C5 /* Assets.xcassets */,
				85CBE5BA26787A0200E6D7C5 /* Persistence.swift */,
				85CBE5BF26787A0300E6D7C5 /* Info.plist */,
				85CBE5BC26787A0200E6D7C5 /* AppsPanel.xcdatamodeld */,
				85CBE5B726787A0200E6D7C5 /* Preview Content */,
				85E5ED9A2678999A007FD196 /* Localizable.strings */,
			);
			path = AppsPanel;
			sourceTree = "<group>";
		};
		85CBE5B726787A0200E6D7C5 /* Preview Content */ = {
			isa = PBXGroup;
			children = (
				85CBE5B826787A0200E6D7C5 /* Preview Assets.xcassets */,
			);
			path = "Preview Content";
			sourceTree = "<group>";
		};
		85CBE5C726788CC600E6D7C5 /* views */ = {
			isa = PBXGroup;
			children = (
				85CBE5C526788CBE00E6D7C5 /* registerView.swift */,
				85E5ED9F2678B2E9007FD196 /* infoView.swift */,
			);
			path = views;
			sourceTree = "<group>";
		};
		85E5ED9C2678A20D007FD196 /* src */ = {
			isa = PBXGroup;
			children = (
				85E5ED9D2678A25F007FD196 /* registerFunc.swift */,
				85E5EDA12678BA0F007FD196 /* infosFunc.swift */,
			);
			path = src;
			sourceTree = "<group>";
		};
/* End PBXGroup section */

/* Begin PBXNativeTarget section */
		85CBE5AD267879FF00E6D7C5 /* AppsPanel */ = {
			isa = PBXNativeTarget;
			buildConfigurationList = 85CBE5C226787A0300E6D7C5 /* Build configuration list for PBXNativeTarget "AppsPanel" */;
			buildPhases = (
				85CBE5AA267879FF00E6D7C5 /* Sources */,
				85CBE5AB267879FF00E6D7C5 /* Frameworks */,
				85CBE5AC267879FF00E6D7C5 /* Resources */,
			);
			buildRules = (
			);
			dependencies = (
			);
			name = AppsPanel;
			productName = AppsPanel;
			productReference = 85CBE5AE267879FF00E6D7C5 /* AppsPanel.app */;
			productType = "com.apple.product-type.application";
		};
/* End PBXNativeTarget section */

/* Begin PBXProject section */
		85CBE5A6267879FE00E6D7C5 /* Project object */ = {
			isa = PBXProject;
			attributes = {
				LastSwiftUpdateCheck = 1250;
				LastUpgradeCheck = 1250;
				TargetAttributes = {
					85CBE5AD267879FF00E6D7C5 = {
						CreatedOnToolsVersion = 12.5;
					};
				};
			};
			buildConfigurationList = 85CBE5A9267879FE00E6D7C5 /* Build configuration list for PBXProject "AppsPanel" */;
			compatibilityVersion = "Xcode 9.3";
			developmentRegion = en;
			hasScannedForEncodings = 0;
			knownRegions = (
				en,
				Base,
				fr,
			);
			mainGroup = 85CBE5A5267879FE00E6D7C5;
			productRefGroup = 85CBE5AF267879FF00E6D7C5 /* Products */;
			projectDirPath = "";
			projectRoot = "";
			targets = (
				85CBE5AD267879FF00E6D7C5 /* AppsPanel */,
			);
		};
/* End PBXProject section */

/* Begin PBXResourcesBuildPhase section */
		85CBE5AC267879FF00E6D7C5 /* Resources */ = {
			isa = PBXResourcesBuildPhase;
			buildActionMask = 2147483647;
			files = (
				85CBE5B926787A0200E6D7C5 /* Preview Assets.xcassets in Resources */,
				85E5ED982678999A007FD196 /* Localizable.strings in Resources */,
				85CBE5B626787A0200E6D7C5 /* Assets.xcassets in Resources */,
			);
			runOnlyForDeploymentPostprocessing = 0;
		};
/* End PBXResourcesBuildPhase section */

/* Begin PBXSourcesBuildPhase section */
		85CBE5AA267879FF00E6D7C5 /* Sources */ = {
			isa = PBXSourcesBuildPhase;
			buildActionMask = 2147483647;
			files = (
				85E5EDA02678B2E9007FD196 /* infoView.swift in Sources */,
				85E5ED9E2678A25F007FD196 /* registerFunc.swift in Sources */,
				85CBE5BB26787A0200E6D7C5 /* Persistence.swift in Sources */,
				85CBE5C626788CBE00E6D7C5 /* registerView.swift in Sources */,
				85CBE5B4267879FF00E6D7C5 /* ContentView.swift in Sources */,
				85E5EDA22678BA0F007FD196 /* infosFunc.swift in Sources */,
				85CBE5BE26787A0300E6D7C5 /* AppsPanel.xcdatamodeld in Sources */,
				85CBE5B2267879FF00E6D7C5 /* AppsPanelApp.swift in Sources */,
			);
			runOnlyForDeploymentPostprocessing = 0;
		};
/* End PBXSourcesBuildPhase section */

/* Begin PBXVariantGroup section */
		85E5ED9A2678999A007FD196 /* Localizable.strings */ = {
			isa = PBXVariantGroup;
			children = (
				85E5ED992678999A007FD196 /* en */,
				85E5ED9B2678999E007FD196 /* fr */,
			);
			name = Localizable.strings;
			sourceTree = "<group>";
		};
/* End PBXVariantGroup section */

/* Begin XCBuildConfiguration section */
		85CBE5C026787A0300E6D7C5 /* Debug */ = {
			isa = XCBuildConfiguration;
			buildSettings = {
				ALWAYS_SEARCH_USER_PATHS = NO;
				CLANG_ANALYZER_NONNULL = YES;
				CLANG_ANALYZER_NUMBER_OBJECT_CONVERSION = YES_AGGRESSIVE;
				CLANG_CXX_LANGUAGE_STANDARD = "gnu++14";
				CLANG_CXX_LIBRARY = "libc++";
				CLANG_ENABLE_MODULES = YES;
				CLANG_ENABLE_OBJC_ARC = YES;
				CLANG_ENABLE_OBJC_WEAK = YES;
				CLANG_WARN_BLOCK_CAPTURE_AUTORELEASING = YES;
				CLANG_WARN_BOOL_CONVERSION = YES;
				CLANG_WARN_COMMA = YES;
				CLANG_WARN_CONSTANT_CONVERSION = YES;
				CLANG_WARN_DEPRECATED_OBJC_IMPLEMENTATIONS = YES;
				CLANG_WARN_DIRECT_OBJC_ISA_USAGE = YES_ERROR;
				CLANG_WARN_DOCUMENTATION_COMMENTS = YES;
				CLANG_WARN_EMPTY_BODY = YES;
				CLANG_WARN_ENUM_CONVERSION = YES;
				CLANG_WARN_INFINITE_RECURSION = YES;
				CLANG_WARN_INT_CONVERSION = YES;
				CLANG_WARN_NON_LITERAL_NULL_CONVERSION = YES;
				CLANG_WARN_OBJC_IMPLICIT_RETAIN_SELF = YES;
				CLANG_WARN_OBJC_LITERAL_CONVERSION = YES;
				CLANG_WARN_OBJC_ROOT_CLASS = YES_ERROR;
				CLANG_WARN_QUOTED_INCLUDE_IN_FRAMEWORK_HEADER = YES;
				CLANG_WARN_RANGE_LOOP_ANALYSIS = YES;
				CLANG_WARN_STRICT_PROTOTYPES = YES;
				CLANG_WARN_SUSPICIOUS_MOVE = YES;
				CLANG_WARN_UNGUARDED_AVAILABILITY = YES_AGGRESSIVE;
				CLANG_WARN_UNREACHABLE_CODE = YES;
				CLANG_WARN__DUPLICATE_METHOD_MATCH = YES;
				COPY_PHASE_STRIP = NO;
				DEBUG_INFORMATION_FORMAT = dwarf;
				ENABLE_STRICT_OBJC_MSGSEND = YES;
				ENABLE_TESTABILITY = YES;
				GCC_C_LANGUAGE_STANDARD = gnu11;
				GCC_DYNAMIC_NO_PIC = NO;
				GCC_NO_COMMON_BLOCKS = YES;
				GCC_OPTIMIZATION_LEVEL = 0;
				GCC_PREPROCESSOR_DEFINITIONS = (
					"DEBUG=1",
					"$(inherited)",
				);
				GCC_WARN_64_TO_32_BIT_CONVERSION = YES;
				GCC_WARN_ABOUT_RETURN_TYPE = YES_ERROR;
				GCC_WARN_UNDECLARED_SELECTOR = YES;
				GCC_WARN_UNINITIALIZED_AUTOS = YES_AGGRESSIVE;
				GCC_WARN_UNUSED_FUNCTION = YES;
				GCC_WARN_UNUSED_VARIABLE = YES;
				IPHONEOS_DEPLOYMENT_TARGET = 14.5;
				MTL_ENABLE_DEBUG_INFO = INCLUDE_SOURCE;
				MTL_FAST_MATH = YES;
				ONLY_ACTIVE_ARCH = YES;
				SDKROOT = iphoneos;
				SWIFT_ACTIVE_COMPILATION_CONDITIONS = DEBUG;
				SWIFT_OPTIMIZATION_LEVEL = "-Onone";
			};
			name = Debug;
		};
		85CBE5C126787A0300E6D7C5 /* Release */ = {
			isa = XCBuildConfiguration;
			buildSettings = {
				ALWAYS_SEARCH_USER_PATHS = NO;
				CLANG_ANALYZER_NONNULL = YES;
				CLANG_ANALYZER_NUMBER_OBJECT_CONVERSION = YES_AGGRESSIVE;
				CLANG_CXX_LANGUAGE_STANDARD = "gnu++14";
				CLANG_CXX_LIBRARY = "libc++";
				CLANG_ENABLE_MODULES = YES;
				CLANG_ENABLE_OBJC_ARC = YES;
				CLANG_ENABLE_OBJC_WEAK = YES;
				CLANG_WARN_BLOCK_CAPTURE_AUTORELEASING = YES;
				CLANG_WARN_BOOL_CONVERSION = YES;
				CLANG_WARN_COMMA = YES;
				CLANG_WARN_CONSTANT_CONVERSION = YES;
				CLANG_WARN_DEPRECATED_OBJC_IMPLEMENTATIONS = YES;
				CLANG_WARN_DIRECT_OBJC_ISA_USAGE = YES_ERROR;
				CLANG_WARN_DOCUMENTATION_COMMENTS = YES;
				CLANG_WARN_EMPTY_BODY = YES;
				CLANG_WARN_ENUM_CONVERSION = YES;
				CLANG_WARN_INFINITE_RECURSION = YES;
				CLANG_WARN_INT_CONVERSION = YES;
				CLANG_WARN_NON_LITERAL_NULL_CONVERSION = YES;
				CLANG_WARN_OBJC_IMPLICIT_RETAIN_SELF = YES;
				CLANG_WARN_OBJC_LITERAL_CONVERSION = YES;
				CLANG_WARN_OBJC_ROOT_CLASS = YES_ERROR;
				CLANG_WARN_QUOTED_INCLUDE_IN_FRAMEWORK_HEADER = YES;
				CLANG_WARN_RANGE_LOOP_ANALYSIS = YES;
				CLANG_WARN_STRICT_PROTOTYPES = YES;
				CLANG_WARN_SUSPICIOUS_MOVE = YES;
				CLANG_WARN_UNGUARDED_AVAILABILITY = YES_AGGRESSIVE;
				CLANG_WARN_UNREACHABLE_CODE = YES;
				CLANG_WARN__DUPLICATE_METHOD_MATCH = YES;
				COPY_PHASE_STRIP = NO;
				DEBUG_INFORMATION_FORMAT = "dwarf-with-dsym";
				ENABLE_NS_ASSERTIONS = NO;
				ENABLE_STRICT_OBJC_MSGSEND = YES;
				GCC_C_LANGUAGE_STANDARD = gnu11;
				GCC_NO_COMMON_BLOCKS = YES;
				GCC_WARN_64_TO_32_BIT_CONVERSION = YES;
				GCC_WARN_ABOUT_RETURN_TYPE = YES_ERROR;
				GCC_WARN_UNDECLARED_SELECTOR = YES;
				GCC_WARN_UNINITIALIZED_AUTOS = YES_AGGRESSIVE;
				GCC_WARN_UNUSED_FUNCTION = YES;
				GCC_WARN_UNUSED_VARIABLE = YES;
				IPHONEOS_DEPLOYMENT_TARGET = 14.5;
				MTL_ENABLE_DEBUG_INFO = NO;
				MTL_FAST_MATH = YES;
				SDKROOT = iphoneos;
				SWIFT_COMPILATION_MODE = wholemodule;
				SWIFT_OPTIMIZATION_LEVEL = "-O";
				VALIDATE_PRODUCT = YES;
			};
			name = Release;
		};
		85CBE5C326787A0300E6D7C5 /* Debug */ = {
			isa = XCBuildConfiguration;
			buildSettings = {
				ASSETCATALOG_COMPILER_APPICON_NAME = AppIcon;
				ASSETCATALOG_COMPILER_GLOBAL_ACCENT_COLOR_NAME = AccentColor;
				CODE_SIGN_STYLE = Automatic;
				DEVELOPMENT_ASSET_PATHS = "\"AppsPanel/Preview Content\"";
				DEVELOPMENT_TEAM = 5GCK4NBUPX;
				ENABLE_PREVIEWS = YES;
				INFOPLIST_FILE = AppsPanel/Info.plist;
				IPHONEOS_DEPLOYMENT_TARGET = 14.0;
				LD_RUNPATH_SEARCH_PATHS = (
					"$(inherited)",
					"@executable_path/Frameworks",
				);
				PRODUCT_BUNDLE_IDENTIFIER = com.MagnasiePro.AppsPanel;
				PRODUCT_NAME = "$(TARGET_NAME)";
				SWIFT_VERSION = 5.0;
				TARGETED_DEVICE_FAMILY = "1,2";
			};
			name = Debug;
		};
		85CBE5C426787A0300E6D7C5 /* Release */ = {
			isa = XCBuildConfiguration;
			buildSettings = {
				ASSETCATALOG_COMPILER_APPICON_NAME = AppIcon;
				ASSETCATALOG_COMPILER_GLOBAL_ACCENT_COLOR_NAME = AccentColor;
				CODE_SIGN_STYLE = Automatic;
				DEVELOPMENT_ASSET_PATHS = "\"AppsPanel/Preview Content\"";
				DEVELOPMENT_TEAM = 5GCK4NBUPX;
				ENABLE_PREVIEWS = YES;
				INFOPLIST_FILE = AppsPanel/Info.plist;
				IPHONEOS_DEPLOYMENT_TARGET = 14.0;
				LD_RUNPATH_SEARCH_PATHS = (
					"$(inherited)",
					"@executable_path/Frameworks",
				);
				PRODUCT_BUNDLE_IDENTIFIER = com.MagnasiePro.AppsPanel;
				PRODUCT_NAME = "$(TARGET_NAME)";
				SWIFT_VERSION = 5.0;
				TARGETED_DEVICE_FAMILY = "1,2";
			};
			name = Release;
		};
/* End XCBuildConfiguration section */

/* Begin XCConfigurationList section */
		85CBE5A9267879FE00E6D7C5 /* Build configuration list for PBXProject "AppsPanel" */ = {
			isa = XCConfigurationList;
			buildConfigurations = (
				85CBE5C026787A0300E6D7C5 /* Debug */,
				85CBE5C126787A0300E6D7C5 /* Release */,
			);
			defaultConfigurationIsVisible = 0;
			defaultConfigurationName = Release;
		};
		85CBE5C226787A0300E6D7C5 /* Build configuration list for PBXNativeTarget "AppsPanel" */ = {
			isa = XCConfigurationList;
			buildConfigurations = (
				85CBE5C326787A0300E6D7C5 /* Debug */,
				85CBE5C426787A0300E6D7C5 /* Release */,
			);
			defaultConfigurationIsVisible = 0;
			defaultConfigurationName = Release;
		};
/* End XCConfigurationList section */

/* Begin XCVersionGroup section */
		85CBE5BC26787A0200E6D7C5 /* AppsPanel.xcdatamodeld */ = {
			isa = XCVersionGroup;
			children = (
				85CBE5BD26787A0200E6D7C5 /* AppsPanel.xcdatamodel */,
			);
			currentVersion = 85CBE5BD26787A0200E6D7C5 /* AppsPanel.xcdatamodel */;
			path = AppsPanel.xcdatamodeld;
			sourceTree = "<group>";
			versionGroupType = wrapper.xcdatamodel;
		};
/* End XCVersionGroup section */
	};
	rootObject = 85CBE5A6267879FE00E6D7C5 /* Project object */;
}
